Microsoft Visual Studio Solution File, Format Version 12.00
# Visual Studio 15
Project("{2150E333-8FDC-42A3-9474-1A3956D46DE8}") = "CMakePredefinedTargets", "CMakePredefinedTargets", "{47A1F1AF-E404-3A18-A81A-C952546D0AEB}"
EndProject
Project("{2150E333-8FDC-42A3-9474-1A3956D46DE8}") = "GLFW3", "GLFW3", "{C554CA39-29B4-3672-B613-2AF9AC783517}"
EndProject
Project("{8BC9CEB8-8B4A-11D0-8D11-00A0C91BC942}") = "ALL_BUILD", "ALL_BUILD.vcxproj", "{85E55A31-E83E-3034-9E75-9B8466569088}"
	ProjectSection(ProjectDependencies) = postProject
		{969BFF4B-E099-3B33-A483-8017C6DB6CCF} = {969BFF4B-E099-3B33-A483-8017C6DB6CCF}
		{19F95804-31E1-38C1-9665-C1B7351AD2F5} = {19F95804-31E1-38C1-9665-C1B7351AD2F5}
		{C2FF0339-8FEA-3A67-998D-A5A538737A24} = {C2FF0339-8FEA-3A67-998D-A5A538737A24}
		{AAD5EC83-7FEB-31F8-9186-685CF8A9237D} = {AAD5EC83-7FEB-31F8-9186-685CF8A9237D}
	EndProjectSection
EndProject
Project("{8BC9CEB8-8B4A-11D0-8D11-00A0C91BC942}") = "ZERO_CHECK", "ZERO_CHECK.vcxproj", "{969BFF4B-E099-3B33-A483-8017C6DB6CCF}"
	ProjectSection(ProjectDependencies) = postProject
	EndProjectSection
EndProject
Project("{8BC9CEB8-8B4A-11D0-8D11-00A0C91BC942}") = "curve_surfing", "curve_surfing.vcxproj", "{19F95804-31E1-38C1-9665-C1B7351AD2F5}"
	ProjectSection(ProjectDependencies) = postProject
		{969BFF4B-E099-3B33-A483-8017C6DB6CCF} = {969BFF4B-E099-3B33-A483-8017C6DB6CCF}
		{C2FF0339-8FEA-3A67-998D-A5A538737A24} = {C2FF0339-8FEA-3A67-998D-A5A538737A24}
		{AAD5EC83-7FEB-31F8-9186-685CF8A9237D} = {AAD5EC83-7FEB-31F8-9186-685CF8A9237D}
	EndProjectSection
EndProject
Project("{8BC9CEB8-8B4A-11D0-8D11-00A0C91BC942}") = "glad", "glad.vcxproj", "{C2FF0339-8FEA-3A67-998D-A5A538737A24}"
	ProjectSection(ProjectDependencies) = postProject
		{969BFF4B-E099-3B33-A483-8017C6DB6CCF} = {969BFF4B-E099-3B33-A483-8017C6DB6CCF}
	EndProjectSection
EndProject
Project("{8BC9CEB8-8B4A-11D0-8D11-00A0C91BC942}") = "glfw", "external\glfw\src\glfw.vcxproj", "{AAD5EC83-7FEB-31F8-9186-685CF8A9237D}"
	ProjectSection(ProjectDependencies) = postProject
		{969BFF4B-E099-3B33-A483-8017C6DB6CCF} = {969BFF4B-E099-3B33-A483-8017C6DB6CCF}
	EndProjectSection
EndProject
Global
	GlobalSection(SolutionConfigurationPlatforms) = preSolution
		Debug|Win32 = Debug|Win32
		Release|Win32 = Release|Win32
		MinSizeRel|Win32 = MinSizeRel|Win32
		RelWithDebInfo|Win32 = RelWithDebInfo|Win32
	EndGlobalSection
	GlobalSection(ProjectConfigurationPlatforms) = postSolution
		{85E55A31-E83E-3034-9E75-9B8466569088}.Debug|Win32.ActiveCfg = Debug|Win32
		{85E55A31-E83E-3034-9E75-9B8466569088}.Release|Win32.ActiveCfg = Release|Win32
		{85E55A31-E83E-3034-9E75-9B8466569088}.MinSizeRel|Win32.ActiveCfg = MinSizeRel|Win32
		{85E55A31-E83E-3034-9E75-9B8466569088}.RelWithDebInfo|Win32.ActiveCfg = RelWithDebInfo|Win32
		{969BFF4B-E099-3B33-A483-8017C6DB6CCF}.Debug|Win32.ActiveCfg = Debug|Win32
		{969BFF4B-E099-3B33-A483-8017C6DB6CCF}.Debug|Win32.Build.0 = Debug|Win32
		{969BFF4B-E099-3B33-A483-8017C6DB6CCF}.Release|Win32.ActiveCfg = Release|Win32
		{969BFF4B-E099-3B33-A483-8017C6DB6CCF}.Release|Win32.Build.0 = Release|Win32
		{969BFF4B-E099-3B33-A483-8017C6DB6CCF}.MinSizeRel|Win32.ActiveCfg = MinSizeRel|Win32
		{969BFF4B-E099-3B33-A483-8017C6DB6CCF}.MinSizeRel|Win32.Build.0 = MinSizeRel|Win32
		{969BFF4B-E099-3B33-A483-8017C6DB6CCF}.RelWithDebInfo|Win32.ActiveCfg = RelWithDebInfo|Win32
		{969BFF4B-E099-3B33-A483-8017C6DB6CCF}.RelWithDebInfo|Win32.Build.0 = RelWithDebInfo|Win32
		{19F95804-31E1-38C1-9665-C1B7351AD2F5}.Debug|Win32.ActiveCfg = Debug|Win32
		{19F95804-31E1-38C1-9665-C1B7351AD2F5}.Debug|Win32.Build.0 = Debug|Win32
		{19F95804-31E1-38C1-9665-C1B7351AD2F5}.Release|Win32.ActiveCfg = Release|Win32
		{19F95804-31E1-38C1-9665-C1B7351AD2F5}.Release|Win32.Build.0 = Release|Win32
		{19F95804-31E1-38C1-9665-C1B7351AD2F5}.MinSizeRel|Win32.ActiveCfg = MinSizeRel|Win32
		{19F95804-31E1-38C1-9665-C1B7351AD2F5}.MinSizeRel|Win32.Build.0 = MinSizeRel|Win32
		{19F95804-31E1-38C1-9665-C1B7351AD2F5}.RelWithDebInfo|Win32.ActiveCfg = RelWithDebInfo|Win32
		{19F95804-31E1-38C1-9665-C1B7351AD2F5}.RelWithDebInfo|Win32.Build.0 = RelWithDebInfo|Win32
		{C2FF0339-8FEA-3A67-998D-A5A538737A24}.Debug|Win32.ActiveCfg = Debug|Win32
		{C2FF0339-8FEA-3A67-998D-A5A538737A24}.Debug|Win32.Build.0 = Debug|Win32
		{C2FF0339-8FEA-3A67-998D-A5A538737A24}.Release|Win32.ActiveCfg = Release|Win32
		{C2FF0339-8FEA-3A67-998D-A5A538737A24}.Release|Win32.Build.0 = Release|Win32
		{C2FF0339-8FEA-3A67-998D-A5A538737A24}.MinSizeRel|Win32.ActiveCfg = MinSizeRel|Win32
		{C2FF0339-8FEA-3A67-998D-A5A538737A24}.MinSizeRel|Win32.Build.0 = MinSizeRel|Win32
		{C2FF0339-8FEA-3A67-998D-A5A538737A24}.RelWithDebInfo|Win32.ActiveCfg = RelWithDebInfo|Win32
		{C2FF0339-8FEA-3A67-998D-A5A538737A24}.RelWithDebInfo|Win32.Build.0 = RelWithDebInfo|Win32
		{AAD5EC83-7FEB-31F8-9186-685CF8A9237D}.Debug|Win32.ActiveCfg = Debug|Win32
		{AAD5EC83-7FEB-31F8-9186-685CF8A9237D}.Debug|Win32.Build.0 = Debug|Win32
		{AAD5EC83-7FEB-31F8-9186-685CF8A9237D}.Release|Win32.ActiveCfg = Release|Win32
		{AAD5EC83-7FEB-31F8-9186-685CF8A9237D}.Release|Win32.Build.0 = Release|Win32
		{AAD5EC83-7FEB-31F8-9186-685CF8A9237D}.MinSizeRel|Win32.ActiveCfg = MinSizeRel|Win32
		{AAD5EC83-7FEB-31F8-9186-685CF8A9237D}.MinSizeRel|Win32.Build.0 = MinSizeRel|Win32
		{AAD5EC83-7FEB-31F8-9186-685CF8A9237D}.RelWithDebInfo|Win32.ActiveCfg = RelWithDebInfo|Win32
		{AAD5EC83-7FEB-31F8-9186-685CF8A9237D}.RelWithDebInfo|Win32.Build.0 = RelWithDebInfo|Win32
	EndGlobalSection
	GlobalSection(NestedProjects) = preSolution
		{85E55A31-E83E-3034-9E75-9B8466569088} = {47A1F1AF-E404-3A18-A81A-C952546D0AEB}
		{969BFF4B-E099-3B33-A483-8017C6DB6CCF} = {47A1F1AF-E404-3A18-A81A-C952546D0AEB}
		{AAD5EC83-7FEB-31F8-9186-685CF8A9237D} = {C554CA39-29B4-3672-B613-2AF9AC783517}
	EndGlobalSection
	GlobalSection(ExtensibilityGlobals) = postSolution
		SolutionGuid = {0907B644-047D-35DD-A62D-26D651890258}
	EndGlobalSection
	GlobalSection(ExtensibilityAddIns) = postSolution
	EndGlobalSection
EndGlobal
