<?xml version="1.0" encoding="utf-8"?>
<Project ToolsVersion="15.0" xmlns="http://schemas.microsoft.com/developer/msbuild/2003">
  <ItemGroup>
    <ClCompile Include="C:\Users\Jasmine\Documents\Classes\CPSC 587\fundamentals-computer-animation\curve_surfing\src\main.cpp">
      <Filter>Source Files</Filter>
    </ClCompile>
    <ClCompile Include="C:\Users\Jasmine\Documents\Classes\CPSC 587\fundamentals-computer-animation\curve_surfing\src\geometry\curve.cpp">
      <Filter>Source Files</Filter>
    </ClCompile>
    <ClCompile Include="C:\Users\Jasmine\Documents\Classes\CPSC 587\fundamentals-computer-animation\curve_surfing\src\geometry\curvefileio.cpp">
      <Filter>Source Files</Filter>
    </ClCompile>
    <ClCompile Include="C:\Users\Jasmine\Documents\Classes\CPSC 587\fundamentals-computer-animation\curve_surfing\src\math\vec3f.cpp">
      <Filter>Source Files</Filter>
    </ClCompile>
    <ClCompile Include="C:\Users\Jasmine\Documents\Classes\CPSC 587\fundamentals-computer-animation\curve_surfing\src\math\mat4f.cpp">
      <Filter>Source Files</Filter>
    </ClCompile>
    <ClCompile Include="C:\Users\Jasmine\Documents\Classes\CPSC 587\fundamentals-computer-animation\curve_surfing\src\opengl\program.cpp">
      <Filter>Source Files</Filter>
    </ClCompile>
    <ClCompile Include="C:\Users\Jasmine\Documents\Classes\CPSC 587\fundamentals-computer-animation\curve_surfing\src\opengl\shader.cpp">
      <Filter>Source Files</Filter>
    </ClCompile>
    <ClCompile Include="C:\Users\Jasmine\Documents\Classes\CPSC 587\fundamentals-computer-animation\curve_surfing\src\opengl\openglmatrix.cpp">
      <Filter>Source Files</Filter>
    </ClCompile>
    <ClCompile Include="C:\Users\Jasmine\Documents\Classes\CPSC 587\fundamentals-computer-animation\curve_surfing\src\scene\camera.cpp">
      <Filter>Source Files</Filter>
    </ClCompile>
  </ItemGroup>
  <ItemGroup>
    <ClInclude Include="C:\Users\Jasmine\Documents\Classes\CPSC 587\fundamentals-computer-animation\curve_surfing\include\geometry\curve.h">
      <Filter>Header Files</Filter>
    </ClInclude>
    <ClInclude Include="C:\Users\Jasmine\Documents\Classes\CPSC 587\fundamentals-computer-animation\curve_surfing\include\geometry\curvefileio.h">
      <Filter>Header Files</Filter>
    </ClInclude>
    <ClInclude Include="C:\Users\Jasmine\Documents\Classes\CPSC 587\fundamentals-computer-animation\curve_surfing\include\math\vec3f.h">
      <Filter>Header Files</Filter>
    </ClInclude>
    <ClInclude Include="C:\Users\Jasmine\Documents\Classes\CPSC 587\fundamentals-computer-animation\curve_surfing\include\math\mat4f.h">
      <Filter>Header Files</Filter>
    </ClInclude>
    <ClInclude Include="C:\Users\Jasmine\Documents\Classes\CPSC 587\fundamentals-computer-animation\curve_surfing\include\opengl\program.h">
      <Filter>Header Files</Filter>
    </ClInclude>
    <ClInclude Include="C:\Users\Jasmine\Documents\Classes\CPSC 587\fundamentals-computer-animation\curve_surfing\include\opengl\shader.h">
      <Filter>Header Files</Filter>
    </ClInclude>
    <ClInclude Include="C:\Users\Jasmine\Documents\Classes\CPSC 587\fundamentals-computer-animation\curve_surfing\include\opengl\openglmatrix.h">
      <Filter>Header Files</Filter>
    </ClInclude>
    <ClInclude Include="C:\Users\Jasmine\Documents\Classes\CPSC 587\fundamentals-computer-animation\curve_surfing\include\scene\camera.h">
      <Filter>Header Files</Filter>
    </ClInclude>
  </ItemGroup>
  <ItemGroup>
    <CustomBuild Include="C:\Users\Jasmine\Documents\Classes\CPSC 587\fundamentals-computer-animation\curve_surfing\CMakeLists.txt" />
  </ItemGroup>
  <ItemGroup>
    <Filter Include="Header Files">
      <UniqueIdentifier>{1B228D07-8F1D-3143-BC18-DC9DDF20B4A4}</UniqueIdentifier>
    </Filter>
    <Filter Include="Source Files">
      <UniqueIdentifier>{7EE02CC5-A703-3519-BA84-2F967639F935}</UniqueIdentifier>
    </Filter>
  </ItemGroup>
</Project>
