<?xml version="1.0" encoding="utf-8"?>
<Project ToolsVersion="15.0" xmlns="http://schemas.microsoft.com/developer/msbuild/2003">
  <ItemGroup>
    <ClCompile Include="C:\Users\Jasmine\Documents\Classes\CPSC 587\fundamentals-computer-animation\curve_surfing\external\glad\src\glad.c">
      <Filter>Source Files</Filter>
    </ClCompile>
  </ItemGroup>
  <ItemGroup>
    <CustomBuild Include="C:\Users\Jasmine\Documents\Classes\CPSC 587\fundamentals-computer-animation\curve_surfing\CMakeLists.txt" />
  </ItemGroup>
  <ItemGroup>
    <Filter Include="Source Files">
      <UniqueIdentifier>{7EE02CC5-A703-3519-BA84-2F967639F935}</UniqueIdentifier>
    </Filter>
  </ItemGroup>
</Project>
