<?xml version="1.0" encoding="utf-8"?>
<Project ToolsVersion="15.0" xmlns="http://schemas.microsoft.com/developer/msbuild/2003">
  <ItemGroup>
    <CustomBuild Include="C:\Users\Jasmine\Documents\Classes\CPSC 587\fundamentals-computer-animation\curve_surfing\LaptopBuild\CMakeFiles\e9a0fefe9c058bb4f853c4f85b9ca37b\generate.stamp.rule">
      <Filter>CMake Rules</Filter>
    </CustomBuild>
  </ItemGroup>
  <ItemGroup>
    <Filter Include="CMake Rules">
      <UniqueIdentifier>{5164A481-C5D9-3B7D-B909-A288C3B0C912}</UniqueIdentifier>
    </Filter>
  </ItemGroup>
</Project>
